
Microsoft Visual Studio Solution File, Format Version 12.00
# Visual Studio Version 16
VisualStudioVersion = 16.0.31829.152
MinimumVisualStudioVersion = 10.0.40219.1
Project("{FAE04EC0-301F-11D3-BF4B-00C04F79EFBC}") = "DesingPattern_Singleton", "DesingPattern_Singleton\DesingPattern_Singleton.csproj", "{D3861983-605E-486A-ABF9-F8A14FE5FAAF}"
EndProject
Global
	GlobalSection(SolutionConfigurationPlatforms) = preSolution
		Debug|Any CPU = Debug|Any CPU
		Release|Any CPU = Release|Any CPU
	EndGlobalSection
	GlobalSection(ProjectConfigurationPlatforms) = postSolution
		{D3861983-605E-486A-ABF9-F8A14FE5FAAF}.Debug|Any CPU.ActiveCfg = Debug|Any CPU
		{D3861983-605E-486A-ABF9-F8A14FE5FAAF}.Debug|Any CPU.Build.0 = Debug|Any CPU
		{D3861983-605E-486A-ABF9-F8A14FE5FAAF}.Release|Any CPU.ActiveCfg = Release|Any CPU
		{D3861983-605E-486A-ABF9-F8A14FE5FAAF}.Release|Any CPU.Build.0 = Release|Any CPU
	EndGlobalSection
	GlobalSection(SolutionProperties) = preSolution
		HideSolutionNode = FALSE
	EndGlobalSection
	GlobalSection(ExtensibilityGlobals) = postSolution
		SolutionGuid = {1C9105DD-2CE5-4E47-83DD-732EA1FC1FD3}
	EndGlobalSection
EndGlobal
