
Microsoft Visual Studio Solution File, Format Version 12.00
# Visual Studio Version 16
VisualStudioVersion = 16.0.31829.152
MinimumVisualStudioVersion = 10.0.40219.1
Project("{FAE04EC0-301F-11D3-BF4B-00C04F79EFBC}") = "DesignPatterns_Observer", "DesignPatterns_Observer\DesignPatterns_Observer.csproj", "{1AB296F0-96BD-4A0D-B917-37478C8ADC98}"
EndProject
Global
	GlobalSection(SolutionConfigurationPlatforms) = preSolution
		Debug|Any CPU = Debug|Any CPU
		Release|Any CPU = Release|Any CPU
	EndGlobalSection
	GlobalSection(ProjectConfigurationPlatforms) = postSolution
		{1AB296F0-96BD-4A0D-B917-37478C8ADC98}.Debug|Any CPU.ActiveCfg = Debug|Any CPU
		{1AB296F0-96BD-4A0D-B917-37478C8ADC98}.Debug|Any CPU.Build.0 = Debug|Any CPU
		{1AB296F0-96BD-4A0D-B917-37478C8ADC98}.Release|Any CPU.ActiveCfg = Release|Any CPU
		{1AB296F0-96BD-4A0D-B917-37478C8ADC98}.Release|Any CPU.Build.0 = Release|Any CPU
	EndGlobalSection
	GlobalSection(SolutionProperties) = preSolution
		HideSolutionNode = FALSE
	EndGlobalSection
	GlobalSection(ExtensibilityGlobals) = postSolution
		SolutionGuid = {76186696-1416-4534-8FB5-BA2EBCF4067A}
	EndGlobalSection
EndGlobal
